github.com/Regis24GmbH/go-diacritics v1.0.0 h1:uuJos5zP2NTSw0CWUGxVVBKppJDEBKwxzRLDDSUP/To=
github.com/Regis24GmbH/go-diacritics v1.0.0/go.mod h1:OnN7PH/WIJrugpbXybxw4DW6lXSjALVr1GtiX2p7QDw=
golang.org/x/text v0.14.0 h1:ScX5w1eTa3QqT8oi6+ziP7dTV1S2+ALU0bI+0zXKWiQ=
golang.org/x/text v0.14.0/go.mod h1:18ZOQIKpY8NJVqYksKHtTdi31H5itFRjB5/qKTNYzSU=
